# THIS IS AN AUTOGENERATED FILE. DO NOT EDIT THIS FILE DIRECTLY.
# yarn lockfile v1


"@orchidjs/sifter@^0.9.2":
  version "0.9.2"
  resolved "https://registry.yarnpkg.com/@orchidjs/sifter/-/sifter-0.9.2.tgz#86c84589fe42c46bb1f5ec1ab8f747a4c928a83b"
  integrity sha512-8eR1aNWPhDt+cqOevGUajriiZbMzs6nGGdErUjSr99vMAxwMBRztnJu72OT8M7emyHTVjBB8BPjj4rJIoXQgKA==

tom-select@2.1.0:
  version "2.1.0"
  resolved "https://registry.yarnpkg.com/tom-select/-/tom-select-2.1.0.tgz#93316cf042a69d9462027b8d6380f18f2a002e9d"
  integrity sha512-NtE8kACBlMv4QaDakYfnXtEAgM/AVmM7Hw5FNQmij0uwgRgyXC/2kpNJPD1AdT5q/l6mUNkTnInQpTmrwX/tWQ==
  dependencies:
    "@orchidjs/sifter" "^0.9.2"
